{
    "_readme": [
        "This file locks the dependencies of your project to a known state",
        "Read more about it at https://getcomposer.org/doc/01-basic-usage.md#installing-dependencies",
        "This file is @generated automatically"
    ],
    "content-hash": "7474f5f28075b7a48baac9eabe80a493",
    "packages": [],
    "packages-dev": [
        {
            "name": "angelrove/front-components",
            "version": "dev-master",
            "source": {
                "type": "git",
                "url": "https://github.com/angelrove/front-components.git",
                "reference": "c73441094265ebd39671b19951053cd5dd7e33b8"
            },
            "type": "library",
            "autoload": {
                "classmap": []
            },
            "authors": [
                {
                    "name": "Jose Angel Romero",
                    "email": "jangel.romero@gmail.com"
                }
            ],
            "description": "Front components",
            "time": "2019-07-18T10:47:20+00:00"
        },
        {
            "name": "angelrove/membrillo",
            "version": "dev-master",
            "source": {
                "type": "git",
                "url": "https://github.com/angelrove/membrillo.git",
                "reference": "e86714d6e195e2482d07c7bd3e62a5dbb2964f5a"
            },
            "require-dev": {
                "angelrove/utils": "dev-master"
            },
            "type": "library",
            "autoload": {
                "psr-4": {
                    "angelrove\\utils\\": "vendor/angelrove/utils/src/"
                }
            },
            "authors": [
                {
                    "name": "Jose Angel Romero",
                    "email": "jangel.romero@gmail.com"
                }
            ],
            "description": "My little and pretty framework ",
            "time": "2019-08-13T18:57:04+00:00"
        },
        {
            "name": "angelrove/utils",
            "version": "dev-master",
            "source": {
                "type": "git",
                "url": "https://github.com/angelrove/utils.git",
                "reference": "5a44a31fea4a75ce4f51fa98a5c2bf2b786c81f6"
            },
            "require-dev": {
                "angelrove/clone-csscolor": "dev-master"
            },
            "type": "library",
            "autoload": {
                "classmap": []
            },
            "authors": [
                {
                    "name": "Jose Angel Romero",
                    "email": "jangel.romero@gmail.com"
                }
            ],
            "description": "Basic Utils",
            "time": "2019-07-20T08:42:57+00:00"
        }
    ],
    "aliases": [],
    "minimum-stability": "stable",
    "stability-flags": {
        "angelrove/membrillo": 20,
        "angelrove/utils": 20,
        "angelrove/front-components": 20
    },
    "prefer-stable": false,
    "prefer-lowest": false,
    "platform": [],
    "platform-dev": []
}
